// !$*UTF8*$!
{
	archiveVersion = 1;
	classes = {
	};
	objectVersion = 50;
	objects = {

/* Begin PBXBuildFile section */
		50AF5D14231BE8A100714624 /* AppDelegate.swift in Sources */ = {isa = PBXBuildFile; fileRef = 50AF5D13231BE8A100714624 /* AppDelegate.swift */; };
		50AF5D16231BE8A100714624 /* ViewController.swift in Sources */ = {isa = PBXBuildFile; fileRef = 50AF5D15231BE8A100714624 /* ViewController.swift */; };
		50AF5D18231BE8A200714624 /* Assets.xcassets in Resources */ = {isa = PBXBuildFile; fileRef = 50AF5D17231BE8A200714624 /* Assets.xcassets */; };
		50AF5D1B231BE8A200714624 /* Main.storyboard in Resources */ = {isa = PBXBuildFile; fileRef = 50AF5D19231BE8A200714624 /* Main.storyboard */; };
		50AF5D27231BE8A200714624 /* senioritisTests.swift in Sources */ = {isa = PBXBuildFile; fileRef = 50AF5D26231BE8A200714624 /* senioritisTests.swift */; };
		50AF5D32231BE8A200714624 /* senioritisUITests.swift in Sources */ = {isa = PBXBuildFile; fileRef = 50AF5D31231BE8A200714624 /* senioritisUITests.swift */; };
/* End PBXBuildFile section */

/* Begin PBXContainerItemProxy section */
		50AF5D23231BE8A200714624 /* PBXContainerItemProxy */ = {
			isa = PBXContainerItemProxy;
			containerPortal = 50AF5D08231BE8A100714624 /* Project object */;
			proxyType = 1;
			remoteGlobalIDString = 50AF5D0F231BE8A100714624;
			remoteInfo = senioritis;
		};
		50AF5D2E231BE8A200714624 /* PBXContainerItemProxy */ = {
			isa = PBXContainerItemProxy;
			containerPortal = 50AF5D08231BE8A100714624 /* Project object */;
			proxyType = 1;
			remoteGlobalIDString = 50AF5D0F231BE8A100714624;
			remoteInfo = senioritis;
		};
/* End PBXContainerItemProxy section */

/* Begin PBXFileReference section */
		50AF5D10231BE8A100714624 /* senioritis.app */ = {isa = PBXFileReference; explicitFileType = wrapper.application; includeInIndex = 0; path = senioritis.app; sourceTree = BUILT_PRODUCTS_DIR; };
		50AF5D13231BE8A100714624 /* AppDelegate.swift */ = {isa = PBXFileReference; lastKnownFileType = sourcecode.swift; path = AppDelegate.swift; sourceTree = "<group>"; };
		50AF5D15231BE8A100714624 /* ViewController.swift */ = {isa = PBXFileReference; lastKnownFileType = sourcecode.swift; path = ViewController.swift; sourceTree = "<group>"; };
		50AF5D17231BE8A200714624 /* Assets.xcassets */ = {isa = PBXFileReference; lastKnownFileType = folder.assetcatalog; path = Assets.xcassets; sourceTree = "<group>"; };
		50AF5D1A231BE8A200714624 /* Base */ = {isa = PBXFileReference; lastKnownFileType = file.storyboard; name = Base; path = Base.lproj/Main.storyboard; sourceTree = "<group>"; };
		50AF5D1C231BE8A200714624 /* Info.plist */ = {isa = PBXFileReference; lastKnownFileType = text.plist.xml; path = Info.plist; sourceTree = "<group>"; };
		50AF5D1D231BE8A200714624 /* senioritis.entitlements */ = {isa = PBXFileReference; lastKnownFileType = text.plist.entitlements; path = senioritis.entitlements; sourceTree = "<group>"; };
		50AF5D22231BE8A200714624 /* senioritisTests.xctest */ = {isa = PBXFileReference; explicitFileType = wrapper.cfbundle; includeInIndex = 0; path = senioritisTests.xctest; sourceTree = BUILT_PRODUCTS_DIR; };
		50AF5D26231BE8A200714624 /* senioritisTests.swift */ = {isa = PBXFileReference; lastKnownFileType = sourcecode.swift; path = senioritisTests.swift; sourceTree = "<group>"; };
		50AF5D28231BE8A200714624 /* Info.plist */ = {isa = PBXFileReference; lastKnownFileType = text.plist.xml; path = Info.plist; sourceTree = "<group>"; };
		50AF5D2D231BE8A200714624 /* senioritisUITests.xctest */ = {isa = PBXFileReference; explicitFileType = wrapper.cfbundle; includeInIndex = 0; path = senioritisUITests.xctest; sourceTree = BUILT_PRODUCTS_DIR; };
		50AF5D31231BE8A200714624 /* senioritisUITests.swift */ = {isa = PBXFileReference; lastKnownFileType = sourcecode.swift; path = senioritisUITests.swift; sourceTree = "<group>"; };
		50AF5D33231BE8A200714624 /* Info.plist */ = {isa = PBXFileReference; lastKnownFileType = text.plist.xml; path = Info.plist; sourceTree = "<group>"; };
/* End PBXFileReference section */

/* Begin PBXFrameworksBuildPhase section */
		50AF5D0D231BE8A100714624 /* Frameworks */ = {
			isa = PBXFrameworksBuildPhase;
			buildActionMask = 2147483647;
			files = (
			);
			runOnlyForDeploymentPostprocessing = 0;
		};
		50AF5D1F231BE8A200714624 /* Frameworks */ = {
			isa = PBXFrameworksBuildPhase;
			buildActionMask = 2147483647;
			files = (
			);
			runOnlyForDeploymentPostprocessing = 0;
		};
		50AF5D2A231BE8A200714624 /* Frameworks */ = {
			isa = PBXFrameworksBuildPhase;
			buildActionMask = 2147483647;
			files = (
			);
			runOnlyForDeploymentPostprocessing = 0;
		};
/* End PBXFrameworksBuildPhase section */

/* Begin PBXGroup section */
		50AF5D07231BE8A100714624 = {
			isa = PBXGroup;
			children = (
				50AF5D12231BE8A100714624 /* senioritis */,
				50AF5D25231BE8A200714624 /* senioritisTests */,
				50AF5D30231BE8A200714624 /* senioritisUITests */,
				50AF5D11231BE8A100714624 /* Products */,
			);
			sourceTree = "<group>";
		};
		50AF5D11231BE8A100714624 /* Products */ = {
			isa = PBXGroup;
			children = (
				50AF5D10231BE8A100714624 /* senioritis.app */,
				50AF5D22231BE8A200714624 /* senioritisTests.xctest */,
				50AF5D2D231BE8A200714624 /* senioritisUITests.xctest */,
			);
			name = Products;
			sourceTree = "<group>";
		};
		50AF5D12231BE8A100714624 /* senioritis */ = {
			isa = PBXGroup;
			children = (
				50AF5D13231BE8A100714624 /* AppDelegate.swift */,
				50AF5D15231BE8A100714624 /* ViewController.swift */,
				50AF5D17231BE8A200714624 /* Assets.xcassets */,
				50AF5D19231BE8A200714624 /* Main.storyboard */,
				50AF5D1C231BE8A200714624 /* Info.plist */,
				50AF5D1D231BE8A200714624 /* senioritis.entitlements */,
			);
			path = senioritis;
			sourceTree = "<group>";
		};
		50AF5D25231BE8A200714624 /* senioritisTests */ = {
			isa = PBXGroup;
			children = (
				50AF5D26231BE8A200714624 /* senioritisTests.swift */,
				50AF5D28231BE8A200714624 /* Info.plist */,
			);
			path = senioritisTests;
			sourceTree = "<group>";
		};
		50AF5D30231BE8A200714624 /* senioritisUITests */ = {
			isa = PBXGroup;
			children = (
				50AF5D31231BE8A200714624 /* senioritisUITests.swift */,
				50AF5D33231BE8A200714624 /* Info.plist */,
			);
			path = senioritisUITests;
			sourceTree = "<group>";
		};
/* End PBXGroup section */

/* Begin PBXNativeTarget section */
		50AF5D0F231BE8A100714624 /* senioritis */ = {
			isa = PBXNativeTarget;
			buildConfigurationList = 50AF5D36231BE8A200714624 /* Build configuration list for PBXNativeTarget "senioritis" */;
			buildPhases = (
				50AF5D0C231BE8A100714624 /* Sources */,
				50AF5D0D231BE8A100714624 /* Frameworks */,
				50AF5D0E231BE8A100714624 /* Resources */,
			);
			buildRules = (
			);
			dependencies = (
			);
			name = senioritis;
			productName = senioritis;
			productReference = 50AF5D10231BE8A100714624 /* senioritis.app */;
			productType = "com.apple.product-type.application";
		};
		50AF5D21231BE8A200714624 /* senioritisTests */ = {
			isa = PBXNativeTarget;
			buildConfigurationList = 50AF5D39231BE8A200714624 /* Build configuration list for PBXNativeTarget "senioritisTests" */;
			buildPhases = (
				50AF5D1E231BE8A200714624 /* Sources */,
				50AF5D1F231BE8A200714624 /* Frameworks */,
				50AF5D20231BE8A200714624 /* Resources */,
			);
			buildRules = (
			);
			dependencies = (
				50AF5D24231BE8A200714624 /* PBXTargetDependency */,
			);
			name = senioritisTests;
			productName = senioritisTests;
			productReference = 50AF5D22231BE8A200714624 /* senioritisTests.xctest */;
			productType = "com.apple.product-type.bundle.unit-test";
		};
		50AF5D2C231BE8A200714624 /* senioritisUITests */ = {
			isa = PBXNativeTarget;
			buildConfigurationList = 50AF5D3C231BE8A200714624 /* Build configuration list for PBXNativeTarget "senioritisUITests" */;
			buildPhases = (
				50AF5D29231BE8A200714624 /* Sources */,
				50AF5D2A231BE8A200714624 /* Frameworks */,
				50AF5D2B231BE8A200714624 /* Resources */,
			);
			buildRules = (
			);
			dependencies = (
				50AF5D2F231BE8A200714624 /* PBXTargetDependency */,
			);
			name = senioritisUITests;
			productName = senioritisUITests;
			productReference = 50AF5D2D231BE8A200714624 /* senioritisUITests.xctest */;
			productType = "com.apple.product-type.bundle.ui-testing";
		};
/* End PBXNativeTarget section */

/* Begin PBXProject section */
		50AF5D08231BE8A100714624 /* Project object */ = {
			isa = PBXProject;
			attributes = {
				LastSwiftUpdateCheck = 1030;
				LastUpgradeCheck = 1030;
				ORGANIZATIONNAME = "Sunghyun Cho";
				TargetAttributes = {
					50AF5D0F231BE8A100714624 = {
						CreatedOnToolsVersion = 10.3;
					};
					50AF5D21231BE8A200714624 = {
						CreatedOnToolsVersion = 10.3;
						TestTargetID = 50AF5D0F231BE8A100714624;
					};
					50AF5D2C231BE8A200714624 = {
						CreatedOnToolsVersion = 10.3;
						TestTargetID = 50AF5D0F231BE8A100714624;
					};
				};
			};
			buildConfigurationList = 50AF5D0B231BE8A100714624 /* Build configuration list for PBXProject "senioritis" */;
			compatibilityVersion = "Xcode 9.3";
			developmentRegion = en;
			hasScannedForEncodings = 0;
			knownRegions = (
				en,
				Base,
			);
			mainGroup = 50AF5D07231BE8A100714624;
			productRefGroup = 50AF5D11231BE8A100714624 /* Products */;
			projectDirPath = "";
			projectRoot = "";
			targets = (
				50AF5D0F231BE8A100714624 /* senioritis */,
				50AF5D21231BE8A200714624 /* senioritisTests */,
				50AF5D2C231BE8A200714624 /* senioritisUITests */,
			);
		};
/* End PBXProject section */

/* Begin PBXResourcesBuildPhase section */
		50AF5D0E231BE8A100714624 /* Resources */ = {
			isa = PBXResourcesBuildPhase;
			buildActionMask = 2147483647;
			files = (
				50AF5D18231BE8A200714624 /* Assets.xcassets in Resources */,
				50AF5D1B231BE8A200714624 /* Main.storyboard in Resources */,
			);
			runOnlyForDeploymentPostprocessing = 0;
		};
		50AF5D20231BE8A200714624 /* Resources */ = {
			isa = PBXResourcesBuildPhase;
			buildActionMask = 2147483647;
			files = (
			);
			runOnlyForDeploymentPostprocessing = 0;
		};
		50AF5D2B231BE8A200714624 /* Resources */ = {
			isa = PBXResourcesBuildPhase;
			buildActionMask = 2147483647;
			files = (
			);
			runOnlyForDeploymentPostprocessing = 0;
		};
/* End PBXResourcesBuildPhase section */

/* Begin PBXSourcesBuildPhase section */
		50AF5D0C231BE8A100714624 /* Sources */ = {
			isa = PBXSourcesBuildPhase;
			buildActionMask = 2147483647;
			files = (
				50AF5D16231BE8A100714624 /* ViewController.swift in Sources */,
				50AF5D14231BE8A100714624 /* AppDelegate.swift in Sources */,
			);
			runOnlyForDeploymentPostprocessing = 0;
		};
		50AF5D1E231BE8A200714624 /* Sources */ = {
			isa = PBXSourcesBuildPhase;
			buildActionMask = 2147483647;
			files = (
				50AF5D27231BE8A200714624 /* senioritisTests.swift in Sources */,
			);
			runOnlyForDeploymentPostprocessing = 0;
		};
		50AF5D29231BE8A200714624 /* Sources */ = {
			isa = PBXSourcesBuildPhase;
			buildActionMask = 2147483647;
			files = (
				50AF5D32231BE8A200714624 /* senioritisUITests.swift in Sources */,
			);
			runOnlyForDeploymentPostprocessing = 0;
		};
/* End PBXSourcesBuildPhase section */

/* Begin PBXTargetDependency section */
		50AF5D24231BE8A200714624 /* PBXTargetDependency */ = {
			isa = PBXTargetDependency;
			target = 50AF5D0F231BE8A100714624 /* senioritis */;
			targetProxy = 50AF5D23231BE8A200714624 /* PBXContainerItemProxy */;
		};
		50AF5D2F231BE8A200714624 /* PBXTargetDependency */ = {
			isa = PBXTargetDependency;
			target = 50AF5D0F231BE8A100714624 /* senioritis */;
			targetProxy = 50AF5D2E231BE8A200714624 /* PBXContainerItemProxy */;
		};
/* End PBXTargetDependency section */

/* Begin PBXVariantGroup section */
		50AF5D19231BE8A200714624 /* Main.storyboard */ = {
			isa = PBXVariantGroup;
			children = (
				50AF5D1A231BE8A200714624 /* Base */,
			);
			name = Main.storyboard;
			sourceTree = "<group>";
		};
/* End PBXVariantGroup section */

/* Begin XCBuildConfiguration section */
		50AF5D34231BE8A200714624 /* Debug */ = {
			isa = XCBuildConfiguration;
			buildSettings = {
				ALWAYS_SEARCH_USER_PATHS = NO;
				CLANG_ANALYZER_NONNULL = YES;
				CLANG_ANALYZER_NUMBER_OBJECT_CONVERSION = YES_AGGRESSIVE;
				CLANG_CXX_LANGUAGE_STANDARD = "gnu++14";
				CLANG_CXX_LIBRARY = "libc++";
				CLANG_ENABLE_MODULES = YES;
				CLANG_ENABLE_OBJC_ARC = YES;
				CLANG_ENABLE_OBJC_WEAK = YES;
				CLANG_WARN_BLOCK_CAPTURE_AUTORELEASING = YES;
				CLANG_WARN_BOOL_CONVERSION = YES;
				CLANG_WARN_COMMA = YES;
				CLANG_WARN_CONSTANT_CONVERSION = YES;
				CLANG_WARN_DEPRECATED_OBJC_IMPLEMENTATIONS = YES;
				CLANG_WARN_DIRECT_OBJC_ISA_USAGE = YES_ERROR;
				CLANG_WARN_DOCUMENTATION_COMMENTS = YES;
				CLANG_WARN_EMPTY_BODY = YES;
				CLANG_WARN_ENUM_CONVERSION = YES;
				CLANG_WARN_INFINITE_RECURSION = YES;
				CLANG_WARN_INT_CONVERSION = YES;
				CLANG_WARN_NON_LITERAL_NULL_CONVERSION = YES;
				CLANG_WARN_OBJC_IMPLICIT_RETAIN_SELF = YES;
				CLANG_WARN_OBJC_LITERAL_CONVERSION = YES;
				CLANG_WARN_OBJC_ROOT_CLASS = YES_ERROR;
				CLANG_WARN_RANGE_LOOP_ANALYSIS = YES;
				CLANG_WARN_STRICT_PROTOTYPES = YES;
				CLANG_WARN_SUSPICIOUS_MOVE = YES;
				CLANG_WARN_UNGUARDED_AVAILABILITY = YES_AGGRESSIVE;
				CLANG_WARN_UNREACHABLE_CODE = YES;
				CLANG_WARN__DUPLICATE_METHOD_MATCH = YES;
				CODE_SIGN_IDENTITY = "-";
				COPY_PHASE_STRIP = NO;
				DEBUG_INFORMATION_FORMAT = dwarf;
				ENABLE_STRICT_OBJC_MSGSEND = YES;
				ENABLE_TESTABILITY = YES;
				GCC_C_LANGUAGE_STANDARD = gnu11;
				GCC_DYNAMIC_NO_PIC = NO;
				GCC_NO_COMMON_BLOCKS = YES;
				GCC_OPTIMIZATION_LEVEL = 0;
				GCC_PREPROCESSOR_DEFINITIONS = (
					"DEBUG=1",
					"$(inherited)",
				);
				GCC_WARN_64_TO_32_BIT_CONVERSION = YES;
				GCC_WARN_ABOUT_RETURN_TYPE = YES_ERROR;
				GCC_WARN_UNDECLARED_SELECTOR = YES;
				GCC_WARN_UNINITIALIZED_AUTOS = YES_AGGRESSIVE;
				GCC_WARN_UNUSED_FUNCTION = YES;
				GCC_WARN_UNUSED_VARIABLE = YES;
				MACOSX_DEPLOYMENT_TARGET = 10.14;
				MTL_ENABLE_DEBUG_INFO = INCLUDE_SOURCE;
				MTL_FAST_MATH = YES;
				ONLY_ACTIVE_ARCH = YES;
				SDKROOT = macosx;
				SWIFT_ACTIVE_COMPILATION_CONDITIONS = DEBUG;
				SWIFT_OPTIMIZATION_LEVEL = "-Onone";
			};
			name = Debug;
		};
		50AF5D35231BE8A200714624 /* Release */ = {
			isa = XCBuildConfiguration;
			buildSettings = {
				ALWAYS_SEARCH_USER_PATHS = NO;
				CLANG_ANALYZER_NONNULL = YES;
				CLANG_ANALYZER_NUMBER_OBJECT_CONVERSION = YES_AGGRESSIVE;
				CLANG_CXX_LANGUAGE_STANDARD = "gnu++14";
				CLANG_CXX_LIBRARY = "libc++";
				CLANG_ENABLE_MODULES = YES;
				CLANG_ENABLE_OBJC_ARC = YES;
				CLANG_ENABLE_OBJC_WEAK = YES;
				CLANG_WARN_BLOCK_CAPTURE_AUTORELEASING = YES;
				CLANG_WARN_BOOL_CONVERSION = YES;
				CLANG_WARN_COMMA = YES;
				CLANG_WARN_CONSTANT_CONVERSION = YES;
				CLANG_WARN_DEPRECATED_OBJC_IMPLEMENTATIONS = YES;
				CLANG_WARN_DIRECT_OBJC_ISA_USAGE = YES_ERROR;
				CLANG_WARN_DOCUMENTATION_COMMENTS = YES;
				CLANG_WARN_EMPTY_BODY = YES;
				CLANG_WARN_ENUM_CONVERSION = YES;
				CLANG_WARN_INFINITE_RECURSION = YES;
				CLANG_WARN_INT_CONVERSION = YES;
				CLANG_WARN_NON_LITERAL_NULL_CONVERSION = YES;
				CLANG_WARN_OBJC_IMPLICIT_RETAIN_SELF = YES;
				CLANG_WARN_OBJC_LITERAL_CONVERSION = YES;
				CLANG_WARN_OBJC_ROOT_CLASS = YES_ERROR;
				CLANG_WARN_RANGE_LOOP_ANALYSIS = YES;
				CLANG_WARN_STRICT_PROTOTYPES = YES;
				CLANG_WARN_SUSPICIOUS_MOVE = YES;
				CLANG_WARN_UNGUARDED_AVAILABILITY = YES_AGGRESSIVE;
				CLANG_WARN_UNREACHABLE_CODE = YES;
				CLANG_WARN__DUPLICATE_METHOD_MATCH = YES;
				CODE_SIGN_IDENTITY = "-";
				COPY_PHASE_STRIP = NO;
				DEBUG_INFORMATION_FORMAT = "dwarf-with-dsym";
				ENABLE_NS_ASSERTIONS = NO;
				ENABLE_STRICT_OBJC_MSGSEND = YES;
				GCC_C_LANGUAGE_STANDARD = gnu11;
				GCC_NO_COMMON_BLOCKS = YES;
				GCC_WARN_64_TO_32_BIT_CONVERSION = YES;
				GCC_WARN_ABOUT_RETURN_TYPE = YES_ERROR;
				GCC_WARN_UNDECLARED_SELECTOR = YES;
				GCC_WARN_UNINITIALIZED_AUTOS = YES_AGGRESSIVE;
				GCC_WARN_UNUSED_FUNCTION = YES;
				GCC_WARN_UNUSED_VARIABLE = YES;
				MACOSX_DEPLOYMENT_TARGET = 10.14;
				MTL_ENABLE_DEBUG_INFO = NO;
				MTL_FAST_MATH = YES;
				SDKROOT = macosx;
				SWIFT_COMPILATION_MODE = wholemodule;
				SWIFT_OPTIMIZATION_LEVEL = "-O";
			};
			name = Release;
		};
		50AF5D37231BE8A200714624 /* Debug */ = {
			isa = XCBuildConfiguration;
			buildSettings = {
				ASSETCATALOG_COMPILER_APPICON_NAME = AppIcon;
				CODE_SIGN_ENTITLEMENTS = senioritis/senioritis.entitlements;
				CODE_SIGN_STYLE = Automatic;
				COMBINE_HIDPI_IMAGES = YES;
				INFOPLIST_FILE = senioritis/Info.plist;
				LD_RUNPATH_SEARCH_PATHS = (
					"$(inherited)",
					"@executable_path/../Frameworks",
				);
				PRODUCT_BUNDLE_IDENTIFIER = schodev.senioritis;
				PRODUCT_NAME = "$(TARGET_NAME)";
				SWIFT_VERSION = 5.0;
			};
			name = Debug;
		};
		50AF5D38231BE8A200714624 /* Release */ = {
			isa = XCBuildConfiguration;
			buildSettings = {
				ASSETCATALOG_COMPILER_APPICON_NAME = AppIcon;
				CODE_SIGN_ENTITLEMENTS = senioritis/senioritis.entitlements;
				CODE_SIGN_STYLE = Automatic;
				COMBINE_HIDPI_IMAGES = YES;
				INFOPLIST_FILE = senioritis/Info.plist;
				LD_RUNPATH_SEARCH_PATHS = (
					"$(inherited)",
					"@executable_path/../Frameworks",
				);
				PRODUCT_BUNDLE_IDENTIFIER = schodev.senioritis;
				PRODUCT_NAME = "$(TARGET_NAME)";
				SWIFT_VERSION = 5.0;
			};
			name = Release;
		};
		50AF5D3A231BE8A200714624 /* Debug */ = {
			isa = XCBuildConfiguration;
			buildSettings = {
				ALWAYS_EMBED_SWIFT_STANDARD_LIBRARIES = YES;
				BUNDLE_LOADER = "$(TEST_HOST)";
				CODE_SIGN_STYLE = Automatic;
				COMBINE_HIDPI_IMAGES = YES;
				INFOPLIST_FILE = senioritisTests/Info.plist;
				LD_RUNPATH_SEARCH_PATHS = (
					"$(inherited)",
					"@executable_path/../Frameworks",
					"@loader_path/../Frameworks",
				);
				PRODUCT_BUNDLE_IDENTIFIER = schodev.senioritisTests;
				PRODUCT_NAME = "$(TARGET_NAME)";
				SWIFT_VERSION = 5.0;
				TEST_HOST = "$(BUILT_PRODUCTS_DIR)/senioritis.app/Contents/MacOS/senioritis";
			};
			name = Debug;
		};
		50AF5D3B231BE8A200714624 /* Release */ = {
			isa = XCBuildConfiguration;
			buildSettings = {
				ALWAYS_EMBED_SWIFT_STANDARD_LIBRARIES = YES;
				BUNDLE_LOADER = "$(TEST_HOST)";
				CODE_SIGN_STYLE = Automatic;
				COMBINE_HIDPI_IMAGES = YES;
				INFOPLIST_FILE = senioritisTests/Info.plist;
				LD_RUNPATH_SEARCH_PATHS = (
					"$(inherited)",
					"@executable_path/../Frameworks",
					"@loader_path/../Frameworks",
				);
				PRODUCT_BUNDLE_IDENTIFIER = schodev.senioritisTests;
				PRODUCT_NAME = "$(TARGET_NAME)";
				SWIFT_VERSION = 5.0;
				TEST_HOST = "$(BUILT_PRODUCTS_DIR)/senioritis.app/Contents/MacOS/senioritis";
			};
			name = Release;
		};
		50AF5D3D231BE8A200714624 /* Debug */ = {
			isa = XCBuildConfiguration;
			buildSettings = {
				ALWAYS_EMBED_SWIFT_STANDARD_LIBRARIES = YES;
				CODE_SIGN_STYLE = Automatic;
				COMBINE_HIDPI_IMAGES = YES;
				INFOPLIST_FILE = senioritisUITests/Info.plist;
				LD_RUNPATH_SEARCH_PATHS = (
					"$(inherited)",
					"@executable_path/../Frameworks",
					"@loader_path/../Frameworks",
				);
				PRODUCT_BUNDLE_IDENTIFIER = schodev.senioritisUITests;
				PRODUCT_NAME = "$(TARGET_NAME)";
				SWIFT_VERSION = 5.0;
				TEST_TARGET_NAME = senioritis;
			};
			name = Debug;
		};
		50AF5D3E231BE8A200714624 /* Release */ = {
			isa = XCBuildConfiguration;
			buildSettings = {
				ALWAYS_EMBED_SWIFT_STANDARD_LIBRARIES = YES;
				CODE_SIGN_STYLE = Automatic;
				COMBINE_HIDPI_IMAGES = YES;
				INFOPLIST_FILE = senioritisUITests/Info.plist;
				LD_RUNPATH_SEARCH_PATHS = (
					"$(inherited)",
					"@executable_path/../Frameworks",
					"@loader_path/../Frameworks",
				);
				PRODUCT_BUNDLE_IDENTIFIER = schodev.senioritisUITests;
				PRODUCT_NAME = "$(TARGET_NAME)";
				SWIFT_VERSION = 5.0;
				TEST_TARGET_NAME = senioritis;
			};
			name = Release;
		};
/* End XCBuildConfiguration section */

/* Begin XCConfigurationList section */
		50AF5D0B231BE8A100714624 /* Build configuration list for PBXProject "senioritis" */ = {
			isa = XCConfigurationList;
			buildConfigurations = (
				50AF5D34231BE8A200714624 /* Debug */,
				50AF5D35231BE8A200714624 /* Release */,
			);
			defaultConfigurationIsVisible = 0;
			defaultConfigurationName = Release;
		};
		50AF5D36231BE8A200714624 /* Build configuration list for PBXNativeTarget "senioritis" */ = {
			isa = XCConfigurationList;
			buildConfigurations = (
				50AF5D37231BE8A200714624 /* Debug */,
				50AF5D38231BE8A200714624 /* Release */,
			);
			defaultConfigurationIsVisible = 0;
			defaultConfigurationName = Release;
		};
		50AF5D39231BE8A200714624 /* Build configuration list for PBXNativeTarget "senioritisTests" */ = {
			isa = XCConfigurationList;
			buildConfigurations = (
				50AF5D3A231BE8A200714624 /* Debug */,
				50AF5D3B231BE8A200714624 /* Release */,
			);
			defaultConfigurationIsVisible = 0;
			defaultConfigurationName = Release;
		};
		50AF5D3C231BE8A200714624 /* Build configuration list for PBXNativeTarget "senioritisUITests" */ = {
			isa = XCConfigurationList;
			buildConfigurations = (
				50AF5D3D231BE8A200714624 /* Debug */,
				50AF5D3E231BE8A200714624 /* Release */,
			);
			defaultConfigurationIsVisible = 0;
			defaultConfigurationName = Release;
		};
/* End XCConfigurationList section */
	};
	rootObject = 50AF5D08231BE8A100714624 /* Project object */;
}
